
Microsoft Visual Studio Solution File, Format Version 12.00
# Visual Studio Version 17
VisualStudioVersion = 17.6.33617.297
MinimumVisualStudioVersion = 10.0.40219.1
Project("{8BC9CEB8-8B4A-11D0-8D11-00A0C91BC942}") = "Hashes", "Hashes\Hashes.vcxproj", "{83E2E734-4D73-410C-AC47-3EB20B429BFD}"
EndProject
Global
	GlobalSection(SolutionConfigurationPlatforms) = preSolution
		Debug|x64 = Debug|x64
		Debug|x86 = Debug|x86
		Release|x64 = Release|x64
		Release|x86 = Release|x86
	EndGlobalSection
	GlobalSection(ProjectConfigurationPlatforms) = postSolution
		{83E2E734-4D73-410C-AC47-3EB20B429BFD}.Debug|x64.ActiveCfg = Debug|x64
		{83E2E734-4D73-410C-AC47-3EB20B429BFD}.Debug|x64.Build.0 = Debug|x64
		{83E2E734-4D73-410C-AC47-3EB20B429BFD}.Debug|x86.ActiveCfg = Debug|Win32
		{83E2E734-4D73-410C-AC47-3EB20B429BFD}.Debug|x86.Build.0 = Debug|Win32
		{83E2E734-4D73-410C-AC47-3EB20B429BFD}.Release|x64.ActiveCfg = Release|Win32
		{83E2E734-4D73-410C-AC47-3EB20B429BFD}.Release|x64.Build.0 = Release|Win32
		{83E2E734-4D73-410C-AC47-3EB20B429BFD}.Release|x86.ActiveCfg = Release|Win32
		{83E2E734-4D73-410C-AC47-3EB20B429BFD}.Release|x86.Build.0 = Release|Win32
	EndGlobalSection
	GlobalSection(SolutionProperties) = preSolution
		HideSolutionNode = FALSE
	EndGlobalSection
	GlobalSection(ExtensibilityGlobals) = postSolution
		SolutionGuid = {13387CF8-DD61-48B3-AA16-DACBDCBEB12C}
	EndGlobalSection
EndGlobal
